
Microsoft Visual Studio Solution File, Format Version 12.00
# Visual Studio Version 17
VisualStudioVersion = 17.13.35913.81 d17.13
MinimumVisualStudioVersion = 10.0.40219.1
Project("{FAE04EC0-301F-11D3-BF4B-00C04F79EFBC}") = "UserContentManager", "UserContentManager\UserContentManager.csproj", "{D37E04EB-2990-4982-AF94-FC1C23D833B5}"
EndProject
Global
	GlobalSection(SolutionConfigurationPlatforms) = preSolution
		Debug|Any CPU = Debug|Any CPU
		Release|Any CPU = Release|Any CPU
	EndGlobalSection
	GlobalSection(ProjectConfigurationPlatforms) = postSolution
		{D37E04EB-2990-4982-AF94-FC1C23D833B5}.Debug|Any CPU.ActiveCfg = Debug|Any CPU
		{D37E04EB-2990-4982-AF94-FC1C23D833B5}.Debug|Any CPU.Build.0 = Debug|Any CPU
		{D37E04EB-2990-4982-AF94-FC1C23D833B5}.Release|Any CPU.ActiveCfg = Release|Any CPU
		{D37E04EB-2990-4982-AF94-FC1C23D833B5}.Release|Any CPU.Build.0 = Release|Any CPU
	EndGlobalSection
	GlobalSection(SolutionProperties) = preSolution
		HideSolutionNode = FALSE
	EndGlobalSection
	GlobalSection(ExtensibilityGlobals) = postSolution
		SolutionGuid = {4E2DFF2A-A269-4DB0-9A1D-F388E271ED15}
	EndGlobalSection
EndGlobal
